
Microsoft Visual Studio Solution File, Format Version 12.00
# Visual Studio Version 17
VisualStudioVersion = 17.2.32630.192
MinimumVisualStudioVersion = 10.0.40219.1
Project("{FAE04EC0-301F-11D3-BF4B-00C04F79EFBC}") = "Cycles", "Cycles\Cycles.csproj", "{C1F21942-8B8B-40D5-A973-88E6683F5F3E}"
EndProject
Global
	GlobalSection(SolutionConfigurationPlatforms) = preSolution
		Debug|Any CPU = Debug|Any CPU
		Release|Any CPU = Release|Any CPU
	EndGlobalSection
	GlobalSection(ProjectConfigurationPlatforms) = postSolution
		{C1F21942-8B8B-40D5-A973-88E6683F5F3E}.Debug|Any CPU.ActiveCfg = Debug|Any CPU
		{C1F21942-8B8B-40D5-A973-88E6683F5F3E}.Debug|Any CPU.Build.0 = Debug|Any CPU
		{C1F21942-8B8B-40D5-A973-88E6683F5F3E}.Release|Any CPU.ActiveCfg = Release|Any CPU
		{C1F21942-8B8B-40D5-A973-88E6683F5F3E}.Release|Any CPU.Build.0 = Release|Any CPU
	EndGlobalSection
	GlobalSection(SolutionProperties) = preSolution
		HideSolutionNode = FALSE
	EndGlobalSection
	GlobalSection(ExtensibilityGlobals) = postSolution
		SolutionGuid = {13F33355-4796-4517-8641-F86B48AC62C6}
	EndGlobalSection
EndGlobal
